
Microsoft Visual Studio Solution File, Format Version 12.00
# Visual Studio Version 16
VisualStudioVersion = 16.0.31019.35
MinimumVisualStudioVersion = 10.0.40219.1
Project("{FAE04EC0-301F-11D3-BF4B-00C04F79EFBC}") = "WebApplication12", "WebApplication12\WebApplication12.csproj", "{CC46432D-8182-45EB-A05E-50E77CE1EDBD}"
EndProject
Global
	GlobalSection(SolutionConfigurationPlatforms) = preSolution
		Debug|Any CPU = Debug|Any CPU
		Release|Any CPU = Release|Any CPU
	EndGlobalSection
	GlobalSection(ProjectConfigurationPlatforms) = postSolution
		{CC46432D-8182-45EB-A05E-50E77CE1EDBD}.Debug|Any CPU.ActiveCfg = Debug|Any CPU
		{CC46432D-8182-45EB-A05E-50E77CE1EDBD}.Debug|Any CPU.Build.0 = Debug|Any CPU
		{CC46432D-8182-45EB-A05E-50E77CE1EDBD}.Release|Any CPU.ActiveCfg = Release|Any CPU
		{CC46432D-8182-45EB-A05E-50E77CE1EDBD}.Release|Any CPU.Build.0 = Release|Any CPU
	EndGlobalSection
	GlobalSection(SolutionProperties) = preSolution
		HideSolutionNode = FALSE
	EndGlobalSection
	GlobalSection(ExtensibilityGlobals) = postSolution
		SolutionGuid = {87154CD5-B44C-4567-A608-027DC4AF70F1}
	EndGlobalSection
EndGlobal
